
Microsoft Visual Studio Solution File, Format Version 12.00
# Visual Studio Version 17
VisualStudioVersion = 17.11.35431.28
MinimumVisualStudioVersion = 10.0.40219.1
Project("{FAE04EC0-301F-11D3-BF4B-00C04F79EFBC}") = "FraudDetectionSystem.API", "FraudDetectionSystem.API\FraudDetectionSystem.API.csproj", "{10FF44E2-5E3B-4C6E-8F1C-C4BED6D39A13}"
EndProject
Project("{FAE04EC0-301F-11D3-BF4B-00C04F79EFBC}") = "FraudDetectionSystem.Domain", "FraudDetectionSystem.Domain\FraudDetectionSystem.Domain.csproj", "{5E5CA02A-E4D1-4560-88B9-45662FEC7E37}"
EndProject
Project("{FAE04EC0-301F-11D3-BF4B-00C04F79EFBC}") = "FraudDetectionSystem.Infrastructure", "FraudDetectionSystem.Infrastructure\FraudDetectionSystem.Infrastructure.csproj", "{3967CC18-A4AD-4DD3-918F-26ADC83709CF}"
EndProject
Global
	GlobalSection(SolutionConfigurationPlatforms) = preSolution
		Debug|Any CPU = Debug|Any CPU
		Release|Any CPU = Release|Any CPU
	EndGlobalSection
	GlobalSection(ProjectConfigurationPlatforms) = postSolution
		{10FF44E2-5E3B-4C6E-8F1C-C4BED6D39A13}.Debug|Any CPU.ActiveCfg = Debug|Any CPU
		{10FF44E2-5E3B-4C6E-8F1C-C4BED6D39A13}.Debug|Any CPU.Build.0 = Debug|Any CPU
		{10FF44E2-5E3B-4C6E-8F1C-C4BED6D39A13}.Release|Any CPU.ActiveCfg = Release|Any CPU
		{10FF44E2-5E3B-4C6E-8F1C-C4BED6D39A13}.Release|Any CPU.Build.0 = Release|Any CPU
		{5E5CA02A-E4D1-4560-88B9-45662FEC7E37}.Debug|Any CPU.ActiveCfg = Debug|Any CPU
		{5E5CA02A-E4D1-4560-88B9-45662FEC7E37}.Debug|Any CPU.Build.0 = Debug|Any CPU
		{5E5CA02A-E4D1-4560-88B9-45662FEC7E37}.Release|Any CPU.ActiveCfg = Release|Any CPU
		{5E5CA02A-E4D1-4560-88B9-45662FEC7E37}.Release|Any CPU.Build.0 = Release|Any CPU
		{3967CC18-A4AD-4DD3-918F-26ADC83709CF}.Debug|Any CPU.ActiveCfg = Debug|Any CPU
		{3967CC18-A4AD-4DD3-918F-26ADC83709CF}.Debug|Any CPU.Build.0 = Debug|Any CPU
		{3967CC18-A4AD-4DD3-918F-26ADC83709CF}.Release|Any CPU.ActiveCfg = Release|Any CPU
		{3967CC18-A4AD-4DD3-918F-26ADC83709CF}.Release|Any CPU.Build.0 = Release|Any CPU
	EndGlobalSection
	GlobalSection(SolutionProperties) = preSolution
		HideSolutionNode = FALSE
	EndGlobalSection
	GlobalSection(ExtensibilityGlobals) = postSolution
		SolutionGuid = {23084492-9139-4E98-AFBB-ACFBFC9B5675}
	EndGlobalSection
EndGlobal
